
Microsoft Visual Studio Solution File, Format Version 12.00
# Visual Studio Version 17
VisualStudioVersion = 17.3.32929.385
MinimumVisualStudioVersion = 10.0.40219.1
Project("{9A19103F-16F7-4668-BE54-9A1E7A4F7556}") = "NetTfsClient", "NetTfsClient\NetTfsClient.csproj", "{2D753067-25E0-4666-AE51-F9CF9A2813B2}"
EndProject
Project("{9A19103F-16F7-4668-BE54-9A1E7A4F7556}") = "TfsClient.App", "TfsClient.App\TfsClient.App.csproj", "{8BEFAF30-5615-4EDA-8D7A-A809B8EE302B}"
EndProject
Project("{FAE04EC0-301F-11D3-BF4B-00C04F79EFBC}") = "TfsClient.Tests", "TfsClient.Tests\TfsClient.Tests.csproj", "{C6E0C29A-6A23-4620-8E94-7709ADB9F528}"
EndProject
Global
	GlobalSection(SolutionConfigurationPlatforms) = preSolution
		Debug|Any CPU = Debug|Any CPU
		Release|Any CPU = Release|Any CPU
	EndGlobalSection
	GlobalSection(ProjectConfigurationPlatforms) = postSolution
		{2D753067-25E0-4666-AE51-F9CF9A2813B2}.Debug|Any CPU.ActiveCfg = Debug|Any CPU
		{2D753067-25E0-4666-AE51-F9CF9A2813B2}.Debug|Any CPU.Build.0 = Debug|Any CPU
		{2D753067-25E0-4666-AE51-F9CF9A2813B2}.Release|Any CPU.ActiveCfg = Release|Any CPU
		{2D753067-25E0-4666-AE51-F9CF9A2813B2}.Release|Any CPU.Build.0 = Release|Any CPU
		{8BEFAF30-5615-4EDA-8D7A-A809B8EE302B}.Debug|Any CPU.ActiveCfg = Debug|Any CPU
		{8BEFAF30-5615-4EDA-8D7A-A809B8EE302B}.Debug|Any CPU.Build.0 = Debug|Any CPU
		{8BEFAF30-5615-4EDA-8D7A-A809B8EE302B}.Release|Any CPU.ActiveCfg = Release|Any CPU
		{8BEFAF30-5615-4EDA-8D7A-A809B8EE302B}.Release|Any CPU.Build.0 = Release|Any CPU
		{C6E0C29A-6A23-4620-8E94-7709ADB9F528}.Debug|Any CPU.ActiveCfg = Debug|Any CPU
		{C6E0C29A-6A23-4620-8E94-7709ADB9F528}.Debug|Any CPU.Build.0 = Debug|Any CPU
		{C6E0C29A-6A23-4620-8E94-7709ADB9F528}.Release|Any CPU.ActiveCfg = Release|Any CPU
		{C6E0C29A-6A23-4620-8E94-7709ADB9F528}.Release|Any CPU.Build.0 = Release|Any CPU
	EndGlobalSection
	GlobalSection(SolutionProperties) = preSolution
		HideSolutionNode = FALSE
	EndGlobalSection
	GlobalSection(ExtensibilityGlobals) = postSolution
		SolutionGuid = {F66CB256-F636-45BD-BBB2-1E5C9875A8D6}
	EndGlobalSection
EndGlobal
